
Microsoft Visual Studio Solution File, Format Version 12.00
# Visual Studio Version 17
VisualStudioVersion = 17.2.32630.192
MinimumVisualStudioVersion = 10.0.40219.1
Project("{FAE04EC0-301F-11D3-BF4B-00C04F79EFBC}") = "dnTask2", "dnTask2\dnTask2.csproj", "{44424487-8B33-4BB1-9FAF-B4F07B14ED59}"
EndProject
Global
	GlobalSection(SolutionConfigurationPlatforms) = preSolution
		Debug|Any CPU = Debug|Any CPU
		Release|Any CPU = Release|Any CPU
	EndGlobalSection
	GlobalSection(ProjectConfigurationPlatforms) = postSolution
		{44424487-8B33-4BB1-9FAF-B4F07B14ED59}.Debug|Any CPU.ActiveCfg = Debug|Any CPU
		{44424487-8B33-4BB1-9FAF-B4F07B14ED59}.Debug|Any CPU.Build.0 = Debug|Any CPU
		{44424487-8B33-4BB1-9FAF-B4F07B14ED59}.Release|Any CPU.ActiveCfg = Release|Any CPU
		{44424487-8B33-4BB1-9FAF-B4F07B14ED59}.Release|Any CPU.Build.0 = Release|Any CPU
	EndGlobalSection
	GlobalSection(SolutionProperties) = preSolution
		HideSolutionNode = FALSE
	EndGlobalSection
	GlobalSection(ExtensibilityGlobals) = postSolution
		SolutionGuid = {9774C8BB-6834-481A-AE2C-E6933CF91598}
	EndGlobalSection
EndGlobal
